// !$*UTF8*$!
{
	archiveVersion = 1;
	classes = {
	};
	objectVersion = 77;
	objects = {

/* Begin PBXBuildFile section */
		7D31B5A72D77F3F600098688 /* Assets.xcassets in Resources */ = {isa = PBXBuildFile; fileRef = 7D31B5A02D77F3F600098688 /* Assets.xcassets */; };
		7D31B5A92D77F3F600098688 /* LaunchScreen.storyboard in Resources */ = {isa = PBXBuildFile; fileRef = 7D31B5A32D77F3F600098688 /* LaunchScreen.storyboard */; };
		7D31B5AA2D77F3F600098688 /* AppDelegate.swift in Sources */ = {isa = PBXBuildFile; fileRef = 7D31B59F2D77F3F600098688 /* AppDelegate.swift */; };
		7D31B5AB2D77F3F600098688 /* SceneDelegate.swift in Sources */ = {isa = PBXBuildFile; fileRef = 7D31B5A42D77F3F600098688 /* SceneDelegate.swift */; };
		7D31B5AC2D77F3F600098688 /* CardTabViewController.swift in Sources */ = {isa = PBXBuildFile; fileRef = 7D31B5A52D77F3F600098688 /* CardTabViewController.swift */; };
		7D31B5B72D77F4B300098688 /* CardData.swift in Sources */ = {isa = PBXBuildFile; fileRef = 7D31B5B62D77F4B300098688 /* CardData.swift */; };
		7D31B5B92D77F4C300098688 /* CardSet.swift in Sources */ = {isa = PBXBuildFile; fileRef = 7D31B5B82D77F4C300098688 /* CardSet.swift */; };
		7D31B5BC2D77F4EA00098688 /* CardRarity.swift in Sources */ = {isa = PBXBuildFile; fileRef = 7D31B5BB2D77F4EA00098688 /* CardRarity.swift */; };
		7D31B5BF2D77F5AF00098688 /* CardSetViewController.swift in Sources */ = {isa = PBXBuildFile; fileRef = 7D31B5BE2D77F5AF00098688 /* CardSetViewController.swift */; };
		7D31B5C12D77F5C500098688 /* CardPortfolioViewController.swift in Sources */ = {isa = PBXBuildFile; fileRef = 7D31B5C02D77F5C500098688 /* CardPortfolioViewController.swift */; };
		7D31B5C32D77F5E000098688 /* CardSettingsViewController.swift in Sources */ = {isa = PBXBuildFile; fileRef = 7D31B5C22D77F5E000098688 /* CardSettingsViewController.swift */; };
		7D31B5C72D78008800098688 /* CardService.swift in Sources */ = {isa = PBXBuildFile; fileRef = 7D31B5C62D78008800098688 /* CardService.swift */; };
		7D31B5C92D7800A600098688 /* CardRequest.swift in Sources */ = {isa = PBXBuildFile; fileRef = 7D31B5C82D7800A600098688 /* CardRequest.swift */; };
		7D31B5CB2D78018700098688 /* CardEndpoint.swift in Sources */ = {isa = PBXBuildFile; fileRef = 7D31B5CA2D78018700098688 /* CardEndpoint.swift */; };
		7D31B5CD2D78087E00098688 /* CardAttack.swift in Sources */ = {isa = PBXBuildFile; fileRef = 7D31B5CC2D78087E00098688 /* CardAttack.swift */; };
		7D31B5CF2D7808EC00098688 /* CardWeaknessOrResistance.swift in Sources */ = {isa = PBXBuildFile; fileRef = 7D31B5CE2D7808EC00098688 /* CardWeaknessOrResistance.swift */; };
		7D31B5D12D7809A500098688 /* CardSetLegality.swift in Sources */ = {isa = PBXBuildFile; fileRef = 7D31B5D02D7809A500098688 /* CardSetLegality.swift */; };
		7D31B5D32D7809D300098688 /* CardSetImage.swift in Sources */ = {isa = PBXBuildFile; fileRef = 7D31B5D22D7809D300098688 /* CardSetImage.swift */; };
		7D31B5D52D780A3200098688 /* CardImage.swift in Sources */ = {isa = PBXBuildFile; fileRef = 7D31B5D42D780A3200098688 /* CardImage.swift */; };
		7D31B5D72D780A7200098688 /* CardTCGPlayer.swift in Sources */ = {isa = PBXBuildFile; fileRef = 7D31B5D62D780A7200098688 /* CardTCGPlayer.swift */; };
		7D31B5D92D780AB300098688 /* CardPrice.swift in Sources */ = {isa = PBXBuildFile; fileRef = 7D31B5D82D780AB300098688 /* CardPrice.swift */; };
		7D31B5DB2D780B9C00098688 /* CardAbility.swift in Sources */ = {isa = PBXBuildFile; fileRef = 7D31B5DA2D780B9C00098688 /* CardAbility.swift */; };
		7D31B5DF2D7833A100098688 /* GetAllSetsResponse.swift in Sources */ = {isa = PBXBuildFile; fileRef = 7D31B5DE2D7833A100098688 /* GetAllSetsResponse.swift */; };
		7D31B5E12D7833DF00098688 /* GetSetResponse.swift in Sources */ = {isa = PBXBuildFile; fileRef = 7D31B5E02D7833DF00098688 /* GetSetResponse.swift */; };
/* End PBXBuildFile section */

/* Begin PBXFileReference section */
		7D31B5832D77F1DC00098688 /* CardCollector.app */ = {isa = PBXFileReference; explicitFileType = wrapper.application; includeInIndex = 0; path = CardCollector.app; sourceTree = BUILT_PRODUCTS_DIR; };
		7D31B59F2D77F3F600098688 /* AppDelegate.swift */ = {isa = PBXFileReference; lastKnownFileType = sourcecode.swift; path = AppDelegate.swift; sourceTree = "<group>"; };
		7D31B5A02D77F3F600098688 /* Assets.xcassets */ = {isa = PBXFileReference; lastKnownFileType = folder.assetcatalog; path = Assets.xcassets; sourceTree = "<group>"; };
		7D31B5A12D77F3F600098688 /* Info.plist */ = {isa = PBXFileReference; lastKnownFileType = text.plist.xml; path = Info.plist; sourceTree = "<group>"; };
		7D31B5A22D77F3F600098688 /* Base */ = {isa = PBXFileReference; lastKnownFileType = file.storyboard; name = Base; path = Base.lproj/LaunchScreen.storyboard; sourceTree = "<group>"; };
		7D31B5A42D77F3F600098688 /* SceneDelegate.swift */ = {isa = PBXFileReference; lastKnownFileType = sourcecode.swift; path = SceneDelegate.swift; sourceTree = "<group>"; };
		7D31B5A52D77F3F600098688 /* CardTabViewController.swift */ = {isa = PBXFileReference; lastKnownFileType = sourcecode.swift; path = CardTabViewController.swift; sourceTree = "<group>"; };
		7D31B5B62D77F4B300098688 /* CardData.swift */ = {isa = PBXFileReference; lastKnownFileType = sourcecode.swift; path = CardData.swift; sourceTree = "<group>"; };
		7D31B5B82D77F4C300098688 /* CardSet.swift */ = {isa = PBXFileReference; lastKnownFileType = sourcecode.swift; path = CardSet.swift; sourceTree = "<group>"; };
		7D31B5BB2D77F4EA00098688 /* CardRarity.swift */ = {isa = PBXFileReference; lastKnownFileType = sourcecode.swift; path = CardRarity.swift; sourceTree = "<group>"; };
		7D31B5BE2D77F5AF00098688 /* CardSetViewController.swift */ = {isa = PBXFileReference; lastKnownFileType = sourcecode.swift; path = CardSetViewController.swift; sourceTree = "<group>"; };
		7D31B5C02D77F5C500098688 /* CardPortfolioViewController.swift */ = {isa = PBXFileReference; lastKnownFileType = sourcecode.swift; path = CardPortfolioViewController.swift; sourceTree = "<group>"; };
		7D31B5C22D77F5E000098688 /* CardSettingsViewController.swift */ = {isa = PBXFileReference; lastKnownFileType = sourcecode.swift; path = CardSettingsViewController.swift; sourceTree = "<group>"; };
		7D31B5C62D78008800098688 /* CardService.swift */ = {isa = PBXFileReference; lastKnownFileType = sourcecode.swift; path = CardService.swift; sourceTree = "<group>"; };
		7D31B5C82D7800A600098688 /* CardRequest.swift */ = {isa = PBXFileReference; lastKnownFileType = sourcecode.swift; path = CardRequest.swift; sourceTree = "<group>"; };
		7D31B5CA2D78018700098688 /* CardEndpoint.swift */ = {isa = PBXFileReference; lastKnownFileType = sourcecode.swift; path = CardEndpoint.swift; sourceTree = "<group>"; };
		7D31B5CC2D78087E00098688 /* CardAttack.swift */ = {isa = PBXFileReference; lastKnownFileType = sourcecode.swift; path = CardAttack.swift; sourceTree = "<group>"; };
		7D31B5CE2D7808EC00098688 /* CardWeaknessOrResistance.swift */ = {isa = PBXFileReference; lastKnownFileType = sourcecode.swift; path = CardWeaknessOrResistance.swift; sourceTree = "<group>"; };
		7D31B5D02D7809A500098688 /* CardSetLegality.swift */ = {isa = PBXFileReference; lastKnownFileType = sourcecode.swift; path = CardSetLegality.swift; sourceTree = "<group>"; };
		7D31B5D22D7809D300098688 /* CardSetImage.swift */ = {isa = PBXFileReference; lastKnownFileType = sourcecode.swift; path = CardSetImage.swift; sourceTree = "<group>"; };
		7D31B5D42D780A3200098688 /* CardImage.swift */ = {isa = PBXFileReference; lastKnownFileType = sourcecode.swift; path = CardImage.swift; sourceTree = "<group>"; };
		7D31B5D62D780A7200098688 /* CardTCGPlayer.swift */ = {isa = PBXFileReference; lastKnownFileType = sourcecode.swift; path = CardTCGPlayer.swift; sourceTree = "<group>"; };
		7D31B5D82D780AB300098688 /* CardPrice.swift */ = {isa = PBXFileReference; lastKnownFileType = sourcecode.swift; path = CardPrice.swift; sourceTree = "<group>"; };
		7D31B5DA2D780B9C00098688 /* CardAbility.swift */ = {isa = PBXFileReference; lastKnownFileType = sourcecode.swift; path = CardAbility.swift; sourceTree = "<group>"; };
		7D31B5DE2D7833A100098688 /* GetAllSetsResponse.swift */ = {isa = PBXFileReference; lastKnownFileType = sourcecode.swift; path = GetAllSetsResponse.swift; sourceTree = "<group>"; };
		7D31B5E02D7833DF00098688 /* GetSetResponse.swift */ = {isa = PBXFileReference; lastKnownFileType = sourcecode.swift; path = GetSetResponse.swift; sourceTree = "<group>"; };
/* End PBXFileReference section */

/* Begin PBXFrameworksBuildPhase section */
		7D31B5802D77F1DC00098688 /* Frameworks */ = {
			isa = PBXFrameworksBuildPhase;
			buildActionMask = 2147483647;
			files = (
			);
			runOnlyForDeploymentPostprocessing = 0;
		};
/* End PBXFrameworksBuildPhase section */

/* Begin PBXGroup section */
		7D31B57A2D77F1DC00098688 = {
			isa = PBXGroup;
			children = (
				7D31B5A62D77F3F600098688 /* CardCollector */,
				7D31B5842D77F1DC00098688 /* Products */,
			);
			sourceTree = "<group>";
		};
		7D31B5842D77F1DC00098688 /* Products */ = {
			isa = PBXGroup;
			children = (
				7D31B5832D77F1DC00098688 /* CardCollector.app */,
			);
			name = Products;
			sourceTree = "<group>";
		};
		7D31B5A62D77F3F600098688 /* CardCollector */ = {
			isa = PBXGroup;
			children = (
				7D31B5B32D77F42C00098688 /* Resources */,
				7D31B5B22D77F42800098688 /* Managers */,
				7D31B5B12D77F41C00098688 /* APIClient */,
				7D31B5B02D77F40C00098688 /* Models */,
				7D31B5AF2D77F40400098688 /* Controllers */,
				7D31B5AE2D77F3FF00098688 /* ViewModels */,
				7D31B5AD2D77F3FB00098688 /* Views */,
				7D31B5A12D77F3F600098688 /* Info.plist */,
			);
			path = CardCollector;
			sourceTree = "<group>";
		};
		7D31B5AD2D77F3FB00098688 /* Views */ = {
			isa = PBXGroup;
			children = (
			);
			path = Views;
			sourceTree = "<group>";
		};
		7D31B5AE2D77F3FF00098688 /* ViewModels */ = {
			isa = PBXGroup;
			children = (
			);
			path = ViewModels;
			sourceTree = "<group>";
		};
		7D31B5AF2D77F40400098688 /* Controllers */ = {
			isa = PBXGroup;
			children = (
				7D31B5BD2D77F58200098688 /* Core */,
			);
			path = Controllers;
			sourceTree = "<group>";
		};
		7D31B5B02D77F40C00098688 /* Models */ = {
			isa = PBXGroup;
			children = (
				7D31B5DD2D78336C00098688 /* ResponseTypes */,
				7D31B5DC2D78335A00098688 /* DataTypes */,
			);
			path = Models;
			sourceTree = "<group>";
		};
		7D31B5B12D77F41C00098688 /* APIClient */ = {
			isa = PBXGroup;
			children = (
				7D31B5C62D78008800098688 /* CardService.swift */,
				7D31B5C82D7800A600098688 /* CardRequest.swift */,
				7D31B5CA2D78018700098688 /* CardEndpoint.swift */,
			);
			path = APIClient;
			sourceTree = "<group>";
		};
		7D31B5B22D77F42800098688 /* Managers */ = {
			isa = PBXGroup;
			children = (
			);
			path = Managers;
			sourceTree = "<group>";
		};
		7D31B5B32D77F42C00098688 /* Resources */ = {
			isa = PBXGroup;
			children = (
				7D31B5A02D77F3F600098688 /* Assets.xcassets */,
				7D31B5A32D77F3F600098688 /* LaunchScreen.storyboard */,
				7D31B5A42D77F3F600098688 /* SceneDelegate.swift */,
				7D31B59F2D77F3F600098688 /* AppDelegate.swift */,
			);
			path = Resources;
			sourceTree = "<group>";
		};
		7D31B5BD2D77F58200098688 /* Core */ = {
			isa = PBXGroup;
			children = (
				7D31B5BE2D77F5AF00098688 /* CardSetViewController.swift */,
				7D31B5C02D77F5C500098688 /* CardPortfolioViewController.swift */,
				7D31B5C22D77F5E000098688 /* CardSettingsViewController.swift */,
				7D31B5A52D77F3F600098688 /* CardTabViewController.swift */,
			);
			path = Core;
			sourceTree = "<group>";
		};
		7D31B5DC2D78335A00098688 /* DataTypes */ = {
			isa = PBXGroup;
			children = (
				7D31B5B62D77F4B300098688 /* CardData.swift */,
				7D31B5B82D77F4C300098688 /* CardSet.swift */,
				7D31B5BB2D77F4EA00098688 /* CardRarity.swift */,
				7D31B5CC2D78087E00098688 /* CardAttack.swift */,
				7D31B5CE2D7808EC00098688 /* CardWeaknessOrResistance.swift */,
				7D31B5D02D7809A500098688 /* CardSetLegality.swift */,
				7D31B5D22D7809D300098688 /* CardSetImage.swift */,
				7D31B5D42D780A3200098688 /* CardImage.swift */,
				7D31B5D62D780A7200098688 /* CardTCGPlayer.swift */,
				7D31B5D82D780AB300098688 /* CardPrice.swift */,
				7D31B5DA2D780B9C00098688 /* CardAbility.swift */,
			);
			path = DataTypes;
			sourceTree = "<group>";
		};
		7D31B5DD2D78336C00098688 /* ResponseTypes */ = {
			isa = PBXGroup;
			children = (
				7D31B5DE2D7833A100098688 /* GetAllSetsResponse.swift */,
				7D31B5E02D7833DF00098688 /* GetSetResponse.swift */,
			);
			path = ResponseTypes;
			sourceTree = "<group>";
		};
/* End PBXGroup section */

/* Begin PBXNativeTarget section */
		7D31B5822D77F1DC00098688 /* CardCollector */ = {
			isa = PBXNativeTarget;
			buildConfigurationList = 7D31B5962D77F1DF00098688 /* Build configuration list for PBXNativeTarget "CardCollector" */;
			buildPhases = (
				7D31B57F2D77F1DC00098688 /* Sources */,
				7D31B5802D77F1DC00098688 /* Frameworks */,
				7D31B5812D77F1DC00098688 /* Resources */,
			);
			buildRules = (
			);
			dependencies = (
			);
			name = CardCollector;
			packageProductDependencies = (
			);
			productName = CardCollector;
			productReference = 7D31B5832D77F1DC00098688 /* CardCollector.app */;
			productType = "com.apple.product-type.application";
		};
/* End PBXNativeTarget section */

/* Begin PBXProject section */
		7D31B57B2D77F1DC00098688 /* Project object */ = {
			isa = PBXProject;
			attributes = {
				BuildIndependentTargetsInParallel = 1;
				LastSwiftUpdateCheck = 1620;
				LastUpgradeCheck = 1620;
				TargetAttributes = {
					7D31B5822D77F1DC00098688 = {
						CreatedOnToolsVersion = 16.2;
					};
				};
			};
			buildConfigurationList = 7D31B57E2D77F1DC00098688 /* Build configuration list for PBXProject "CardCollector" */;
			developmentRegion = en;
			hasScannedForEncodings = 0;
			knownRegions = (
				en,
				Base,
			);
			mainGroup = 7D31B57A2D77F1DC00098688;
			minimizedProjectReferenceProxies = 1;
			preferredProjectObjectVersion = 77;
			productRefGroup = 7D31B5842D77F1DC00098688 /* Products */;
			projectDirPath = "";
			projectRoot = "";
			targets = (
				7D31B5822D77F1DC00098688 /* CardCollector */,
			);
		};
/* End PBXProject section */

/* Begin PBXResourcesBuildPhase section */
		7D31B5812D77F1DC00098688 /* Resources */ = {
			isa = PBXResourcesBuildPhase;
			buildActionMask = 2147483647;
			files = (
				7D31B5A72D77F3F600098688 /* Assets.xcassets in Resources */,
				7D31B5A92D77F3F600098688 /* LaunchScreen.storyboard in Resources */,
			);
			runOnlyForDeploymentPostprocessing = 0;
		};
/* End PBXResourcesBuildPhase section */

/* Begin PBXSourcesBuildPhase section */
		7D31B57F2D77F1DC00098688 /* Sources */ = {
			isa = PBXSourcesBuildPhase;
			buildActionMask = 2147483647;
			files = (
				7D31B5CB2D78018700098688 /* CardEndpoint.swift in Sources */,
				7D31B5D72D780A7200098688 /* CardTCGPlayer.swift in Sources */,
				7D31B5C72D78008800098688 /* CardService.swift in Sources */,
				7D31B5CF2D7808EC00098688 /* CardWeaknessOrResistance.swift in Sources */,
				7D31B5C92D7800A600098688 /* CardRequest.swift in Sources */,
				7D31B5CD2D78087E00098688 /* CardAttack.swift in Sources */,
				7D31B5E12D7833DF00098688 /* GetSetResponse.swift in Sources */,
				7D31B5AA2D77F3F600098688 /* AppDelegate.swift in Sources */,
				7D31B5D32D7809D300098688 /* CardSetImage.swift in Sources */,
				7D31B5C12D77F5C500098688 /* CardPortfolioViewController.swift in Sources */,
				7D31B5D92D780AB300098688 /* CardPrice.swift in Sources */,
				7D31B5BF2D77F5AF00098688 /* CardSetViewController.swift in Sources */,
				7D31B5D12D7809A500098688 /* CardSetLegality.swift in Sources */,
				7D31B5B92D77F4C300098688 /* CardSet.swift in Sources */,
				7D31B5DF2D7833A100098688 /* GetAllSetsResponse.swift in Sources */,
				7D31B5B72D77F4B300098688 /* CardData.swift in Sources */,
				7D31B5C32D77F5E000098688 /* CardSettingsViewController.swift in Sources */,
				7D31B5D52D780A3200098688 /* CardImage.swift in Sources */,
				7D31B5DB2D780B9C00098688 /* CardAbility.swift in Sources */,
				7D31B5AB2D77F3F600098688 /* SceneDelegate.swift in Sources */,
				7D31B5BC2D77F4EA00098688 /* CardRarity.swift in Sources */,
				7D31B5AC2D77F3F600098688 /* CardTabViewController.swift in Sources */,
			);
			runOnlyForDeploymentPostprocessing = 0;
		};
/* End PBXSourcesBuildPhase section */

/* Begin PBXVariantGroup section */
		7D31B5A32D77F3F600098688 /* LaunchScreen.storyboard */ = {
			isa = PBXVariantGroup;
			children = (
				7D31B5A22D77F3F600098688 /* Base */,
			);
			name = LaunchScreen.storyboard;
			sourceTree = "<group>";
		};
/* End PBXVariantGroup section */

/* Begin XCBuildConfiguration section */
		7D31B5972D77F1DF00098688 /* Debug */ = {
			isa = XCBuildConfiguration;
			buildSettings = {
				ASSETCATALOG_COMPILER_APPICON_NAME = AppIcon;
				ASSETCATALOG_COMPILER_GLOBAL_ACCENT_COLOR_NAME = AccentColor;
				CODE_SIGN_STYLE = Automatic;
				CURRENT_PROJECT_VERSION = 1;
				GENERATE_INFOPLIST_FILE = YES;
				INFOPLIST_FILE = CardCollector/Info.plist;
				INFOPLIST_KEY_UIApplicationSupportsIndirectInputEvents = YES;
				INFOPLIST_KEY_UILaunchStoryboardName = LaunchScreen;
				INFOPLIST_KEY_UISupportedInterfaceOrientations_iPad = "UIInterfaceOrientationPortrait UIInterfaceOrientationPortraitUpsideDown UIInterfaceOrientationLandscapeLeft UIInterfaceOrientationLandscapeRight";
				INFOPLIST_KEY_UISupportedInterfaceOrientations_iPhone = "UIInterfaceOrientationPortrait UIInterfaceOrientationLandscapeLeft UIInterfaceOrientationLandscapeRight";
				LD_RUNPATH_SEARCH_PATHS = (
					"$(inherited)",
					"@executable_path/Frameworks",
				);
				MARKETING_VERSION = 1.0;
				PRODUCT_BUNDLE_IDENTIFIER = io.bjeong.CardCollector;
				PRODUCT_NAME = "$(TARGET_NAME)";
				SWIFT_EMIT_LOC_STRINGS = YES;
				SWIFT_VERSION = 5.0;
				TARGETED_DEVICE_FAMILY = "1,2";
			};
			name = Debug;
		};
		7D31B5982D77F1DF00098688 /* Release */ = {
			isa = XCBuildConfiguration;
			buildSettings = {
				ASSETCATALOG_COMPILER_APPICON_NAME = AppIcon;
				ASSETCATALOG_COMPILER_GLOBAL_ACCENT_COLOR_NAME = AccentColor;
				CODE_SIGN_STYLE = Automatic;
				CURRENT_PROJECT_VERSION = 1;
				GENERATE_INFOPLIST_FILE = YES;
				INFOPLIST_FILE = CardCollector/Info.plist;
				INFOPLIST_KEY_UIApplicationSupportsIndirectInputEvents = YES;
				INFOPLIST_KEY_UILaunchStoryboardName = LaunchScreen;
				INFOPLIST_KEY_UISupportedInterfaceOrientations_iPad = "UIInterfaceOrientationPortrait UIInterfaceOrientationPortraitUpsideDown UIInterfaceOrientationLandscapeLeft UIInterfaceOrientationLandscapeRight";
				INFOPLIST_KEY_UISupportedInterfaceOrientations_iPhone = "UIInterfaceOrientationPortrait UIInterfaceOrientationLandscapeLeft UIInterfaceOrientationLandscapeRight";
				LD_RUNPATH_SEARCH_PATHS = (
					"$(inherited)",
					"@executable_path/Frameworks",
				);
				MARKETING_VERSION = 1.0;
				PRODUCT_BUNDLE_IDENTIFIER = io.bjeong.CardCollector;
				PRODUCT_NAME = "$(TARGET_NAME)";
				SWIFT_EMIT_LOC_STRINGS = YES;
				SWIFT_VERSION = 5.0;
				TARGETED_DEVICE_FAMILY = "1,2";
			};
			name = Release;
		};
		7D31B5992D77F1DF00098688 /* Debug */ = {
			isa = XCBuildConfiguration;
			buildSettings = {
				ALWAYS_SEARCH_USER_PATHS = NO;
				ASSETCATALOG_COMPILER_GENERATE_SWIFT_ASSET_SYMBOL_EXTENSIONS = YES;
				CLANG_ANALYZER_NONNULL = YES;
				CLANG_ANALYZER_NUMBER_OBJECT_CONVERSION = YES_AGGRESSIVE;
				CLANG_CXX_LANGUAGE_STANDARD = "gnu++20";
				CLANG_ENABLE_MODULES = YES;
				CLANG_ENABLE_OBJC_ARC = YES;
				CLANG_ENABLE_OBJC_WEAK = YES;
				CLANG_WARN_BLOCK_CAPTURE_AUTORELEASING = YES;
				CLANG_WARN_BOOL_CONVERSION = YES;
				CLANG_WARN_COMMA = YES;
				CLANG_WARN_CONSTANT_CONVERSION = YES;
				CLANG_WARN_DEPRECATED_OBJC_IMPLEMENTATIONS = YES;
				CLANG_WARN_DIRECT_OBJC_ISA_USAGE = YES_ERROR;
				CLANG_WARN_DOCUMENTATION_COMMENTS = YES;
				CLANG_WARN_EMPTY_BODY = YES;
				CLANG_WARN_ENUM_CONVERSION = YES;
				CLANG_WARN_INFINITE_RECURSION = YES;
				CLANG_WARN_INT_CONVERSION = YES;
				CLANG_WARN_NON_LITERAL_NULL_CONVERSION = YES;
				CLANG_WARN_OBJC_IMPLICIT_RETAIN_SELF = YES;
				CLANG_WARN_OBJC_LITERAL_CONVERSION = YES;
				CLANG_WARN_OBJC_ROOT_CLASS = YES_ERROR;
				CLANG_WARN_QUOTED_INCLUDE_IN_FRAMEWORK_HEADER = YES;
				CLANG_WARN_RANGE_LOOP_ANALYSIS = YES;
				CLANG_WARN_STRICT_PROTOTYPES = YES;
				CLANG_WARN_SUSPICIOUS_MOVE = YES;
				CLANG_WARN_UNGUARDED_AVAILABILITY = YES_AGGRESSIVE;
				CLANG_WARN_UNREACHABLE_CODE = YES;
				CLANG_WARN__DUPLICATE_METHOD_MATCH = YES;
				COPY_PHASE_STRIP = NO;
				DEBUG_INFORMATION_FORMAT = dwarf;
				ENABLE_STRICT_OBJC_MSGSEND = YES;
				ENABLE_TESTABILITY = YES;
				ENABLE_USER_SCRIPT_SANDBOXING = YES;
				GCC_C_LANGUAGE_STANDARD = gnu17;
				GCC_DYNAMIC_NO_PIC = NO;
				GCC_NO_COMMON_BLOCKS = YES;
				GCC_OPTIMIZATION_LEVEL = 0;
				GCC_PREPROCESSOR_DEFINITIONS = (
					"DEBUG=1",
					"$(inherited)",
				);
				GCC_WARN_64_TO_32_BIT_CONVERSION = YES;
				GCC_WARN_ABOUT_RETURN_TYPE = YES_ERROR;
				GCC_WARN_UNDECLARED_SELECTOR = YES;
				GCC_WARN_UNINITIALIZED_AUTOS = YES_AGGRESSIVE;
				GCC_WARN_UNUSED_FUNCTION = YES;
				GCC_WARN_UNUSED_VARIABLE = YES;
				IPHONEOS_DEPLOYMENT_TARGET = 18.2;
				LOCALIZATION_PREFERS_STRING_CATALOGS = YES;
				MTL_ENABLE_DEBUG_INFO = INCLUDE_SOURCE;
				MTL_FAST_MATH = YES;
				ONLY_ACTIVE_ARCH = YES;
				SDKROOT = iphoneos;
				SWIFT_ACTIVE_COMPILATION_CONDITIONS = "DEBUG $(inherited)";
				SWIFT_OPTIMIZATION_LEVEL = "-Onone";
			};
			name = Debug;
		};
		7D31B59A2D77F1DF00098688 /* Release */ = {
			isa = XCBuildConfiguration;
			buildSettings = {
				ALWAYS_SEARCH_USER_PATHS = NO;
				ASSETCATALOG_COMPILER_GENERATE_SWIFT_ASSET_SYMBOL_EXTENSIONS = YES;
				CLANG_ANALYZER_NONNULL = YES;
				CLANG_ANALYZER_NUMBER_OBJECT_CONVERSION = YES_AGGRESSIVE;
				CLANG_CXX_LANGUAGE_STANDARD = "gnu++20";
				CLANG_ENABLE_MODULES = YES;
				CLANG_ENABLE_OBJC_ARC = YES;
				CLANG_ENABLE_OBJC_WEAK = YES;
				CLANG_WARN_BLOCK_CAPTURE_AUTORELEASING = YES;
				CLANG_WARN_BOOL_CONVERSION = YES;
				CLANG_WARN_COMMA = YES;
				CLANG_WARN_CONSTANT_CONVERSION = YES;
				CLANG_WARN_DEPRECATED_OBJC_IMPLEMENTATIONS = YES;
				CLANG_WARN_DIRECT_OBJC_ISA_USAGE = YES_ERROR;
				CLANG_WARN_DOCUMENTATION_COMMENTS = YES;
				CLANG_WARN_EMPTY_BODY = YES;
				CLANG_WARN_ENUM_CONVERSION = YES;
				CLANG_WARN_INFINITE_RECURSION = YES;
				CLANG_WARN_INT_CONVERSION = YES;
				CLANG_WARN_NON_LITERAL_NULL_CONVERSION = YES;
				CLANG_WARN_OBJC_IMPLICIT_RETAIN_SELF = YES;
				CLANG_WARN_OBJC_LITERAL_CONVERSION = YES;
				CLANG_WARN_OBJC_ROOT_CLASS = YES_ERROR;
				CLANG_WARN_QUOTED_INCLUDE_IN_FRAMEWORK_HEADER = YES;
				CLANG_WARN_RANGE_LOOP_ANALYSIS = YES;
				CLANG_WARN_STRICT_PROTOTYPES = YES;
				CLANG_WARN_SUSPICIOUS_MOVE = YES;
				CLANG_WARN_UNGUARDED_AVAILABILITY = YES_AGGRESSIVE;
				CLANG_WARN_UNREACHABLE_CODE = YES;
				CLANG_WARN__DUPLICATE_METHOD_MATCH = YES;
				COPY_PHASE_STRIP = NO;
				DEBUG_INFORMATION_FORMAT = "dwarf-with-dsym";
				ENABLE_NS_ASSERTIONS = NO;
				ENABLE_STRICT_OBJC_MSGSEND = YES;
				ENABLE_USER_SCRIPT_SANDBOXING = YES;
				GCC_C_LANGUAGE_STANDARD = gnu17;
				GCC_NO_COMMON_BLOCKS = YES;
				GCC_WARN_64_TO_32_BIT_CONVERSION = YES;
				GCC_WARN_ABOUT_RETURN_TYPE = YES_ERROR;
				GCC_WARN_UNDECLARED_SELECTOR = YES;
				GCC_WARN_UNINITIALIZED_AUTOS = YES_AGGRESSIVE;
				GCC_WARN_UNUSED_FUNCTION = YES;
				GCC_WARN_UNUSED_VARIABLE = YES;
				IPHONEOS_DEPLOYMENT_TARGET = 18.2;
				LOCALIZATION_PREFERS_STRING_CATALOGS = YES;
				MTL_ENABLE_DEBUG_INFO = NO;
				MTL_FAST_MATH = YES;
				SDKROOT = iphoneos;
				SWIFT_COMPILATION_MODE = wholemodule;
				VALIDATE_PRODUCT = YES;
			};
			name = Release;
		};
/* End XCBuildConfiguration section */

/* Begin XCConfigurationList section */
		7D31B57E2D77F1DC00098688 /* Build configuration list for PBXProject "CardCollector" */ = {
			isa = XCConfigurationList;
			buildConfigurations = (
				7D31B5992D77F1DF00098688 /* Debug */,
				7D31B59A2D77F1DF00098688 /* Release */,
			);
			defaultConfigurationIsVisible = 0;
			defaultConfigurationName = Release;
		};
		7D31B5962D77F1DF00098688 /* Build configuration list for PBXNativeTarget "CardCollector" */ = {
			isa = XCConfigurationList;
			buildConfigurations = (
				7D31B5972D77F1DF00098688 /* Debug */,
				7D31B5982D77F1DF00098688 /* Release */,
			);
			defaultConfigurationIsVisible = 0;
			defaultConfigurationName = Release;
		};
/* End XCConfigurationList section */
	};
	rootObject = 7D31B57B2D77F1DC00098688 /* Project object */;
}
